
Microsoft Visual Studio Solution File, Format Version 12.00
Project("{FAE04EC0-301F-11D3-BF4B-00C04F79EFBC}") = "Backend", "Backend\Backend.csproj", "{0AFD2340-450C-4014-8874-34C538FA9ABC}"
EndProject
Project("{FAE04EC0-301F-11D3-BF4B-00C04F79EFBC}") = "Frontend", "Frontend\Frontend.csproj", "{7D44CEEF-6BAA-4F25-8CD4-BD348CD72E4D}"
EndProject
Global
	GlobalSection(SolutionConfigurationPlatforms) = preSolution
		Debug|Any CPU = Debug|Any CPU
		Release|Any CPU = Release|Any CPU
	EndGlobalSection
	GlobalSection(ProjectConfigurationPlatforms) = postSolution
		{0AFD2340-450C-4014-8874-34C538FA9ABC}.Debug|Any CPU.ActiveCfg = Debug|Any CPU
		{0AFD2340-450C-4014-8874-34C538FA9ABC}.Debug|Any CPU.Build.0 = Debug|Any CPU
		{0AFD2340-450C-4014-8874-34C538FA9ABC}.Release|Any CPU.ActiveCfg = Release|Any CPU
		{0AFD2340-450C-4014-8874-34C538FA9ABC}.Release|Any CPU.Build.0 = Release|Any CPU
		{7D44CEEF-6BAA-4F25-8CD4-BD348CD72E4D}.Debug|Any CPU.ActiveCfg = Debug|Any CPU
		{7D44CEEF-6BAA-4F25-8CD4-BD348CD72E4D}.Debug|Any CPU.Build.0 = Debug|Any CPU
		{7D44CEEF-6BAA-4F25-8CD4-BD348CD72E4D}.Release|Any CPU.ActiveCfg = Release|Any CPU
		{7D44CEEF-6BAA-4F25-8CD4-BD348CD72E4D}.Release|Any CPU.Build.0 = Release|Any CPU
	EndGlobalSection
EndGlobal
